// !$*UTF8*$!
{
	archiveVersion = 1;
	classes = {
	};
	objectVersion = 77;
	objects = {

/* Begin PBXBuildFile section */
		6502DD0F2CE007C600534244 /* Commit.h in Headers */ = {isa = PBXBuildFile; fileRef = 6502DD0E2CE007C600534244 /* Commit.h */; settings = {ATTRIBUTES = (Public, ); }; };
		6502DD112CE007CF00534244 /* Commit.m in Sources */ = {isa = PBXBuildFile; fileRef = 6502DD102CE007CF00534244 /* Commit.m */; };
		6502DD142CE0391000534244 /* RequestTypeProtocol.h in Headers */ = {isa = PBXBuildFile; fileRef = 6502DD132CE0391000534244 /* RequestTypeProtocol.h */; };
		6502DD1A2CE0399000534244 /* RepositoryListRequest.m in Sources */ = {isa = PBXBuildFile; fileRef = 6502DD182CE0399000534244 /* RepositoryListRequest.m */; };
		6502DD1C2CE03D7300534244 /* RepositoryListResponse.h in Headers */ = {isa = PBXBuildFile; fileRef = 6502DD1B2CE03D7300534244 /* RepositoryListResponse.h */; };
		6502DD1E2CE03D8000534244 /* RepositoryListResponse.m in Sources */ = {isa = PBXBuildFile; fileRef = 6502DD1D2CE03D8000534244 /* RepositoryListResponse.m */; };
		652141DA2CE429460054756C /* RepositoryListService.h in Headers */ = {isa = PBXBuildFile; fileRef = 652141D92CE429460054756C /* RepositoryListService.h */; settings = {ATTRIBUTES = (Public, ); }; };
		652141DC2CE42B260054756C /* RepositoryListService.m in Sources */ = {isa = PBXBuildFile; fileRef = 652141DB2CE42B260054756C /* RepositoryListService.m */; };
		652141DE2CE42F130054756C /* RepositoryListServiceTests.m in Sources */ = {isa = PBXBuildFile; fileRef = 652141DD2CE42EEE0054756C /* RepositoryListServiceTests.m */; };
		652141E42CE4312D0054756C /* RepositoryTagsService.h in Headers */ = {isa = PBXBuildFile; fileRef = 652141E22CE4312D0054756C /* RepositoryTagsService.h */; settings = {ATTRIBUTES = (Public, ); }; };
		652141E52CE4312D0054756C /* RepositoryTagsService.m in Sources */ = {isa = PBXBuildFile; fileRef = 652141E32CE4312D0054756C /* RepositoryTagsService.m */; };
		652614A82CE2C304003E5C57 /* NetworkManager.h in Headers */ = {isa = PBXBuildFile; fileRef = 652614A72CE2C304003E5C57 /* NetworkManager.h */; };
		652614AA2CE2C319003E5C57 /* NetworkManager.m in Sources */ = {isa = PBXBuildFile; fileRef = 652614A92CE2C319003E5C57 /* NetworkManager.m */; };
		655DEEA92CE5341800065659 /* RepositoryTagsServiceTests.m in Sources */ = {isa = PBXBuildFile; fileRef = 655DEEA82CE5340E00065659 /* RepositoryTagsServiceTests.m */; };
		655DEEB42CE5867500065659 /* MockURLProtocol.m in Sources */ = {isa = PBXBuildFile; fileRef = 655DEEB32CE5867500065659 /* MockURLProtocol.m */; };
		655DEEBB2CE58C7300065659 /* MockURLHelper.m in Sources */ = {isa = PBXBuildFile; fileRef = 655DEEBA2CE58C7300065659 /* MockURLHelper.m */; };
		655DEEBE2CE6050100065659 /* mock_tags.json in Resources */ = {isa = PBXBuildFile; fileRef = 655DEEBD2CE6050100065659 /* mock_tags.json */; };
		655DEEC02CE60D0800065659 /* mock_repositories.json in Resources */ = {isa = PBXBuildFile; fileRef = 655DEEBF2CE60D0800065659 /* mock_repositories.json */; };
		655DEEC32CE63D7800065659 /* CacheManager.h in Headers */ = {isa = PBXBuildFile; fileRef = 655DEEC22CE63D7800065659 /* CacheManager.h */; };
		655DEEC52CE63F6800065659 /* CacheManager.m in Sources */ = {isa = PBXBuildFile; fileRef = 655DEEC42CE63F6800065659 /* CacheManager.m */; };
		655DEEC82CE660BC00065659 /* CacheManagerTests.m in Sources */ = {isa = PBXBuildFile; fileRef = 655DEEC72CE65F2800065659 /* CacheManagerTests.m */; };
		658811502CDFC7FD000B6754 /* GitHubAPIChallenge.h in Headers */ = {isa = PBXBuildFile; fileRef = 6588114B2CDFC7FD000B6754 /* GitHubAPIChallenge.h */; settings = {ATTRIBUTES = (Public, ); }; };
		658811522CDFC7FD000B6754 /* GitHubAPIChallenge.docc in Sources */ = {isa = PBXBuildFile; fileRef = 6588114C2CDFC7FD000B6754 /* GitHubAPIChallenge.docc */; };
		65902EE72CE03F3A0036B040 /* RepositoryListRequest.h in Headers */ = {isa = PBXBuildFile; fileRef = 65902EE62CE03F3A0036B040 /* RepositoryListRequest.h */; };
		65902EE92CE1478A0036B040 /* RepositoryTagsResponse.h in Headers */ = {isa = PBXBuildFile; fileRef = 65902EE82CE1478A0036B040 /* RepositoryTagsResponse.h */; };
		65902EEB2CE147990036B040 /* RepositoryTagsResponse.m in Sources */ = {isa = PBXBuildFile; fileRef = 65902EEA2CE147990036B040 /* RepositoryTagsResponse.m */; };
		65902EEF2CE149B00036B040 /* RepositoryTagsRequest.m in Sources */ = {isa = PBXBuildFile; fileRef = 65902EEE2CE149B00036B040 /* RepositoryTagsRequest.m */; };
		65902EF12CE149BB0036B040 /* RepositoryTagsRequest.h in Headers */ = {isa = PBXBuildFile; fileRef = 65902EF02CE149BB0036B040 /* RepositoryTagsRequest.h */; };
		65902EF32CE151B70036B040 /* Response.h in Headers */ = {isa = PBXBuildFile; fileRef = 65902EF22CE151B70036B040 /* Response.h */; };
		65ADEC882CDD9556009DB38B /* GitHubAPIChallenge.framework in Frameworks */ = {isa = PBXBuildFile; fileRef = 65ADEC7D2CDD9556009DB38B /* GitHubAPIChallenge.framework */; };
		65B7580F2CE00279002C5AF2 /* Repository.h in Headers */ = {isa = PBXBuildFile; fileRef = 65B7580E2CE00279002C5AF2 /* Repository.h */; settings = {ATTRIBUTES = (Public, ); }; };
		65B758112CE00282002C5AF2 /* Repository.m in Sources */ = {isa = PBXBuildFile; fileRef = 65B758102CE00282002C5AF2 /* Repository.m */; };
		65EF13542CE0072D005B4241 /* Tag.h in Headers */ = {isa = PBXBuildFile; fileRef = 65EF13532CE0072D005B4241 /* Tag.h */; settings = {ATTRIBUTES = (Public, ); }; };
		65EF13562CE00736005B4241 /* Tag.m in Sources */ = {isa = PBXBuildFile; fileRef = 65EF13552CE00736005B4241 /* Tag.m */; };
/* End PBXBuildFile section */

/* Begin PBXContainerItemProxy section */
		65ADEC892CDD9556009DB38B /* PBXContainerItemProxy */ = {
			isa = PBXContainerItemProxy;
			containerPortal = 65ADEC742CDD9556009DB38B /* Project object */;
			proxyType = 1;
			remoteGlobalIDString = 65ADEC7C2CDD9556009DB38B;
			remoteInfo = GitHubAPIChallenge;
		};
/* End PBXContainerItemProxy section */

/* Begin PBXFileReference section */
		6502DD0E2CE007C600534244 /* Commit.h */ = {isa = PBXFileReference; lastKnownFileType = sourcecode.c.h; path = Commit.h; sourceTree = "<group>"; };
		6502DD102CE007CF00534244 /* Commit.m */ = {isa = PBXFileReference; lastKnownFileType = sourcecode.c.objc; path = Commit.m; sourceTree = "<group>"; };
		6502DD132CE0391000534244 /* RequestTypeProtocol.h */ = {isa = PBXFileReference; lastKnownFileType = sourcecode.c.h; path = RequestTypeProtocol.h; sourceTree = "<group>"; };
		6502DD182CE0399000534244 /* RepositoryListRequest.m */ = {isa = PBXFileReference; lastKnownFileType = sourcecode.c.objc; path = RepositoryListRequest.m; sourceTree = "<group>"; };
		6502DD1B2CE03D7300534244 /* RepositoryListResponse.h */ = {isa = PBXFileReference; lastKnownFileType = sourcecode.c.h; path = RepositoryListResponse.h; sourceTree = "<group>"; };
		6502DD1D2CE03D8000534244 /* RepositoryListResponse.m */ = {isa = PBXFileReference; lastKnownFileType = sourcecode.c.objc; path = RepositoryListResponse.m; sourceTree = "<group>"; };
		652141D92CE429460054756C /* RepositoryListService.h */ = {isa = PBXFileReference; lastKnownFileType = sourcecode.c.h; path = RepositoryListService.h; sourceTree = "<group>"; };
		652141DB2CE42B260054756C /* RepositoryListService.m */ = {isa = PBXFileReference; lastKnownFileType = sourcecode.c.objc; path = RepositoryListService.m; sourceTree = "<group>"; };
		652141DD2CE42EEE0054756C /* RepositoryListServiceTests.m */ = {isa = PBXFileReference; lastKnownFileType = sourcecode.c.objc; path = RepositoryListServiceTests.m; sourceTree = "<group>"; };
		652141E22CE4312D0054756C /* RepositoryTagsService.h */ = {isa = PBXFileReference; lastKnownFileType = sourcecode.c.h; path = RepositoryTagsService.h; sourceTree = "<group>"; };
		652141E32CE4312D0054756C /* RepositoryTagsService.m */ = {isa = PBXFileReference; lastKnownFileType = sourcecode.c.objc; path = RepositoryTagsService.m; sourceTree = "<group>"; };
		652614A72CE2C304003E5C57 /* NetworkManager.h */ = {isa = PBXFileReference; lastKnownFileType = sourcecode.c.h; path = NetworkManager.h; sourceTree = "<group>"; };
		652614A92CE2C319003E5C57 /* NetworkManager.m */ = {isa = PBXFileReference; lastKnownFileType = sourcecode.c.objc; path = NetworkManager.m; sourceTree = "<group>"; };
		655DEEA82CE5340E00065659 /* RepositoryTagsServiceTests.m */ = {isa = PBXFileReference; lastKnownFileType = sourcecode.c.objc; path = RepositoryTagsServiceTests.m; sourceTree = "<group>"; };
		655DEEB22CE581DD00065659 /* MockURLProtocol.h */ = {isa = PBXFileReference; lastKnownFileType = sourcecode.c.h; path = MockURLProtocol.h; sourceTree = "<group>"; };
		655DEEB32CE5867500065659 /* MockURLProtocol.m */ = {isa = PBXFileReference; lastKnownFileType = sourcecode.c.objc; path = MockURLProtocol.m; sourceTree = "<group>"; };
		655DEEB92CE58C5D00065659 /* MockURLHelper.h */ = {isa = PBXFileReference; lastKnownFileType = sourcecode.c.h; path = MockURLHelper.h; sourceTree = "<group>"; };
		655DEEBA2CE58C7300065659 /* MockURLHelper.m */ = {isa = PBXFileReference; lastKnownFileType = sourcecode.c.objc; path = MockURLHelper.m; sourceTree = "<group>"; };
		655DEEBD2CE6050100065659 /* mock_tags.json */ = {isa = PBXFileReference; lastKnownFileType = text.json; path = mock_tags.json; sourceTree = "<group>"; };
		655DEEBF2CE60D0800065659 /* mock_repositories.json */ = {isa = PBXFileReference; lastKnownFileType = text.json; path = mock_repositories.json; sourceTree = "<group>"; };
		655DEEC22CE63D7800065659 /* CacheManager.h */ = {isa = PBXFileReference; lastKnownFileType = sourcecode.c.h; path = CacheManager.h; sourceTree = "<group>"; };
		655DEEC42CE63F6800065659 /* CacheManager.m */ = {isa = PBXFileReference; lastKnownFileType = sourcecode.c.objc; path = CacheManager.m; sourceTree = "<group>"; };
		655DEEC72CE65F2800065659 /* CacheManagerTests.m */ = {isa = PBXFileReference; lastKnownFileType = sourcecode.c.objc; path = CacheManagerTests.m; sourceTree = "<group>"; };
		6588114B2CDFC7FD000B6754 /* GitHubAPIChallenge.h */ = {isa = PBXFileReference; lastKnownFileType = sourcecode.c.h; path = GitHubAPIChallenge.h; sourceTree = "<group>"; };
		6588114C2CDFC7FD000B6754 /* GitHubAPIChallenge.docc */ = {isa = PBXFileReference; lastKnownFileType = folder.documentationcatalog; path = GitHubAPIChallenge.docc; sourceTree = "<group>"; };
		65902EE62CE03F3A0036B040 /* RepositoryListRequest.h */ = {isa = PBXFileReference; lastKnownFileType = sourcecode.c.h; path = RepositoryListRequest.h; sourceTree = "<group>"; };
		65902EE82CE1478A0036B040 /* RepositoryTagsResponse.h */ = {isa = PBXFileReference; lastKnownFileType = sourcecode.c.h; path = RepositoryTagsResponse.h; sourceTree = "<group>"; };
		65902EEA2CE147990036B040 /* RepositoryTagsResponse.m */ = {isa = PBXFileReference; lastKnownFileType = sourcecode.c.objc; path = RepositoryTagsResponse.m; sourceTree = "<group>"; };
		65902EEE2CE149B00036B040 /* RepositoryTagsRequest.m */ = {isa = PBXFileReference; lastKnownFileType = sourcecode.c.objc; path = RepositoryTagsRequest.m; sourceTree = "<group>"; };
		65902EF02CE149BB0036B040 /* RepositoryTagsRequest.h */ = {isa = PBXFileReference; lastKnownFileType = sourcecode.c.h; path = RepositoryTagsRequest.h; sourceTree = "<group>"; };
		65902EF22CE151B70036B040 /* Response.h */ = {isa = PBXFileReference; lastKnownFileType = sourcecode.c.h; path = Response.h; sourceTree = "<group>"; };
		65ADEC7D2CDD9556009DB38B /* GitHubAPIChallenge.framework */ = {isa = PBXFileReference; explicitFileType = wrapper.framework; includeInIndex = 0; path = GitHubAPIChallenge.framework; sourceTree = BUILT_PRODUCTS_DIR; };
		65ADEC872CDD9556009DB38B /* GitHubAPIChallengeTests.xctest */ = {isa = PBXFileReference; explicitFileType = wrapper.cfbundle; includeInIndex = 0; path = GitHubAPIChallengeTests.xctest; sourceTree = BUILT_PRODUCTS_DIR; };
		65B7580E2CE00279002C5AF2 /* Repository.h */ = {isa = PBXFileReference; lastKnownFileType = sourcecode.c.h; path = Repository.h; sourceTree = "<group>"; };
		65B758102CE00282002C5AF2 /* Repository.m */ = {isa = PBXFileReference; lastKnownFileType = sourcecode.c.objc; path = Repository.m; sourceTree = "<group>"; };
		65EF13532CE0072D005B4241 /* Tag.h */ = {isa = PBXFileReference; lastKnownFileType = sourcecode.c.h; path = Tag.h; sourceTree = "<group>"; };
		65EF13552CE00736005B4241 /* Tag.m */ = {isa = PBXFileReference; lastKnownFileType = sourcecode.c.objc; path = Tag.m; sourceTree = "<group>"; };
/* End PBXFileReference section */

/* Begin PBXFrameworksBuildPhase section */
		65ADEC7A2CDD9556009DB38B /* Frameworks */ = {
			isa = PBXFrameworksBuildPhase;
			buildActionMask = 2147483647;
			files = (
			);
			runOnlyForDeploymentPostprocessing = 0;
		};
		65ADEC842CDD9556009DB38B /* Frameworks */ = {
			isa = PBXFrameworksBuildPhase;
			buildActionMask = 2147483647;
			files = (
				65ADEC882CDD9556009DB38B /* GitHubAPIChallenge.framework in Frameworks */,
			);
			runOnlyForDeploymentPostprocessing = 0;
		};
/* End PBXFrameworksBuildPhase section */

/* Begin PBXGroup section */
		6502DD0C2CE0077C00534244 /* Models */ = {
			isa = PBXGroup;
			children = (
				6502DD0E2CE007C600534244 /* Commit.h */,
				6502DD102CE007CF00534244 /* Commit.m */,
				65EF13532CE0072D005B4241 /* Tag.h */,
				65EF13552CE00736005B4241 /* Tag.m */,
				65B7580E2CE00279002C5AF2 /* Repository.h */,
				65B758102CE00282002C5AF2 /* Repository.m */,
			);
			path = Models;
			sourceTree = "<group>";
		};
		6502DD122CE038EA00534244 /* Protocol */ = {
			isa = PBXGroup;
			children = (
				6502DD132CE0391000534244 /* RequestTypeProtocol.h */,
				65902EF22CE151B70036B040 /* Response.h */,
			);
			path = Protocol;
			sourceTree = "<group>";
		};
		652141D42CE427510054756C /* Services */ = {
			isa = PBXGroup;
			children = (
				652141DF2CE430FE0054756C /* Repository */,
			);
			path = Services;
			sourceTree = "<group>";
		};
		652141DF2CE430FE0054756C /* Repository */ = {
			isa = PBXGroup;
			children = (
				652141E12CE4310F0054756C /* Tags */,
				652141E02CE431070054756C /* List */,
			);
			path = Repository;
			sourceTree = "<group>";
		};
		652141E02CE431070054756C /* List */ = {
			isa = PBXGroup;
			children = (
				652141D92CE429460054756C /* RepositoryListService.h */,
				652141DB2CE42B260054756C /* RepositoryListService.m */,
			);
			path = List;
			sourceTree = "<group>";
		};
		652141E12CE4310F0054756C /* Tags */ = {
			isa = PBXGroup;
			children = (
				652141E22CE4312D0054756C /* RepositoryTagsService.h */,
				652141E32CE4312D0054756C /* RepositoryTagsService.m */,
			);
			path = Tags;
			sourceTree = "<group>";
		};
		652614AD2CE2DF9D003E5C57 /* GitHubAPIChallengeTests */ = {
			isa = PBXGroup;
			children = (
				655DEEAB2CE5759800065659 /* Mocks */,
				655DEEC62CE65BB700065659 /* CacheManager */,
				655DEEAA2CE5743500065659 /* Services */,
			);
			path = GitHubAPIChallengeTests;
			sourceTree = "<group>";
		};
		655DEEAA2CE5743500065659 /* Services */ = {
			isa = PBXGroup;
			children = (
				655DEEBC2CE604F800065659 /* JSON */,
				655DEEA82CE5340E00065659 /* RepositoryTagsServiceTests.m */,
				652141DD2CE42EEE0054756C /* RepositoryListServiceTests.m */,
			);
			path = Services;
			sourceTree = "<group>";
		};
		655DEEAB2CE5759800065659 /* Mocks */ = {
			isa = PBXGroup;
			children = (
				655DEEB82CE58C5000065659 /* Helpers */,
				655DEEAC2CE575A000065659 /* Protocols */,
			);
			path = Mocks;
			sourceTree = "<group>";
		};
		655DEEAC2CE575A000065659 /* Protocols */ = {
			isa = PBXGroup;
			children = (
				655DEEB32CE5867500065659 /* MockURLProtocol.m */,
				655DEEB22CE581DD00065659 /* MockURLProtocol.h */,
			);
			path = Protocols;
			sourceTree = "<group>";
		};
		655DEEB82CE58C5000065659 /* Helpers */ = {
			isa = PBXGroup;
			children = (
				655DEEBA2CE58C7300065659 /* MockURLHelper.m */,
				655DEEB92CE58C5D00065659 /* MockURLHelper.h */,
			);
			path = Helpers;
			sourceTree = "<group>";
		};
		655DEEBC2CE604F800065659 /* JSON */ = {
			isa = PBXGroup;
			children = (
				655DEEBF2CE60D0800065659 /* mock_repositories.json */,
				655DEEBD2CE6050100065659 /* mock_tags.json */,
			);
			path = JSON;
			sourceTree = "<group>";
		};
		655DEEC12CE63CA900065659 /* CacheManager */ = {
			isa = PBXGroup;
			children = (
				655DEEC42CE63F6800065659 /* CacheManager.m */,
				655DEEC22CE63D7800065659 /* CacheManager.h */,
			);
			path = CacheManager;
			sourceTree = "<group>";
		};
		655DEEC62CE65BB700065659 /* CacheManager */ = {
			isa = PBXGroup;
			children = (
				655DEEC72CE65F2800065659 /* CacheManagerTests.m */,
			);
			path = CacheManager;
			sourceTree = "<group>";
		};
		657255B22CE687A500C0C121 /* Network */ = {
			isa = PBXGroup;
			children = (
				6588114A2CDFC7FD000B6754 /* Requests */,
				655DEEC12CE63CA900065659 /* CacheManager */,
				658811462CDFC7FD000B6754 /* NetworkManager */,
			);
			path = Network;
			sourceTree = "<group>";
		};
		658811462CDFC7FD000B6754 /* NetworkManager */ = {
			isa = PBXGroup;
			children = (
				652614A72CE2C304003E5C57 /* NetworkManager.h */,
				652614A92CE2C319003E5C57 /* NetworkManager.m */,
			);
			path = NetworkManager;
			sourceTree = "<group>";
		};
		658811472CDFC7FD000B6754 /* Repository */ = {
			isa = PBXGroup;
			children = (
				65902EEC2CE147D50036B040 /* Reponse */,
				65902EE62CE03F3A0036B040 /* RepositoryListRequest.h */,
				6502DD182CE0399000534244 /* RepositoryListRequest.m */,
			);
			path = Repository;
			sourceTree = "<group>";
		};
		658811482CDFC7FD000B6754 /* Tag */ = {
			isa = PBXGroup;
			children = (
				65902EED2CE147E50036B040 /* Response */,
				65902EF02CE149BB0036B040 /* RepositoryTagsRequest.h */,
				65902EEE2CE149B00036B040 /* RepositoryTagsRequest.m */,
			);
			path = Tag;
			sourceTree = "<group>";
		};
		6588114A2CDFC7FD000B6754 /* Requests */ = {
			isa = PBXGroup;
			children = (
				6502DD122CE038EA00534244 /* Protocol */,
				658811472CDFC7FD000B6754 /* Repository */,
				658811482CDFC7FD000B6754 /* Tag */,
			);
			path = Requests;
			sourceTree = "<group>";
		};
		6588114F2CDFC7FD000B6754 /* GitHubAPIChallenge */ = {
			isa = PBXGroup;
			children = (
				6502DD0C2CE0077C00534244 /* Models */,
				652141D42CE427510054756C /* Services */,
				657255B22CE687A500C0C121 /* Network */,
				6588114B2CDFC7FD000B6754 /* GitHubAPIChallenge.h */,
				6588114C2CDFC7FD000B6754 /* GitHubAPIChallenge.docc */,
			);
			path = GitHubAPIChallenge;
			sourceTree = "<group>";
		};
		65902EEC2CE147D50036B040 /* Reponse */ = {
			isa = PBXGroup;
			children = (
				6502DD1B2CE03D7300534244 /* RepositoryListResponse.h */,
				6502DD1D2CE03D8000534244 /* RepositoryListResponse.m */,
			);
			path = Reponse;
			sourceTree = "<group>";
		};
		65902EED2CE147E50036B040 /* Response */ = {
			isa = PBXGroup;
			children = (
				65902EE82CE1478A0036B040 /* RepositoryTagsResponse.h */,
				65902EEA2CE147990036B040 /* RepositoryTagsResponse.m */,
			);
			path = Response;
			sourceTree = "<group>";
		};
		65ADEC732CDD9556009DB38B = {
			isa = PBXGroup;
			children = (
				6588114F2CDFC7FD000B6754 /* GitHubAPIChallenge */,
				652614AD2CE2DF9D003E5C57 /* GitHubAPIChallengeTests */,
				65ADEC7E2CDD9556009DB38B /* Products */,
			);
			sourceTree = "<group>";
		};
		65ADEC7E2CDD9556009DB38B /* Products */ = {
			isa = PBXGroup;
			children = (
				65ADEC7D2CDD9556009DB38B /* GitHubAPIChallenge.framework */,
				65ADEC872CDD9556009DB38B /* GitHubAPIChallengeTests.xctest */,
			);
			name = Products;
			sourceTree = "<group>";
		};
/* End PBXGroup section */

/* Begin PBXHeadersBuildPhase section */
		65ADEC782CDD9556009DB38B /* Headers */ = {
			isa = PBXHeadersBuildPhase;
			buildActionMask = 2147483647;
			files = (
				658811502CDFC7FD000B6754 /* GitHubAPIChallenge.h in Headers */,
				65B7580F2CE00279002C5AF2 /* Repository.h in Headers */,
				65EF13542CE0072D005B4241 /* Tag.h in Headers */,
				6502DD1C2CE03D7300534244 /* RepositoryListResponse.h in Headers */,
				65902EE92CE1478A0036B040 /* RepositoryTagsResponse.h in Headers */,
				655DEEC32CE63D7800065659 /* CacheManager.h in Headers */,
				6502DD142CE0391000534244 /* RequestTypeProtocol.h in Headers */,
				6502DD0F2CE007C600534244 /* Commit.h in Headers */,
				65902EF32CE151B70036B040 /* Response.h in Headers */,
				652614A82CE2C304003E5C57 /* NetworkManager.h in Headers */,
				652141E42CE4312D0054756C /* RepositoryTagsService.h in Headers */,
				65902EF12CE149BB0036B040 /* RepositoryTagsRequest.h in Headers */,
				652141DA2CE429460054756C /* RepositoryListService.h in Headers */,
				65902EE72CE03F3A0036B040 /* RepositoryListRequest.h in Headers */,
			);
			runOnlyForDeploymentPostprocessing = 0;
		};
/* End PBXHeadersBuildPhase section */

/* Begin PBXNativeTarget section */
		65ADEC7C2CDD9556009DB38B /* GitHubAPIChallenge */ = {
			isa = PBXNativeTarget;
			buildConfigurationList = 65ADEC902CDD9556009DB38B /* Build configuration list for PBXNativeTarget "GitHubAPIChallenge" */;
			buildPhases = (
				65ADEC782CDD9556009DB38B /* Headers */,
				65ADEC792CDD9556009DB38B /* Sources */,
				65ADEC7A2CDD9556009DB38B /* Frameworks */,
				65ADEC7B2CDD9556009DB38B /* Resources */,
			);
			buildRules = (
			);
			dependencies = (
			);
			name = GitHubAPIChallenge;
			packageProductDependencies = (
			);
			productName = GitHubAPIChallenge;
			productReference = 65ADEC7D2CDD9556009DB38B /* GitHubAPIChallenge.framework */;
			productType = "com.apple.product-type.framework";
		};
		65ADEC862CDD9556009DB38B /* GitHubAPIChallengeTests */ = {
			isa = PBXNativeTarget;
			buildConfigurationList = 65ADEC952CDD9556009DB38B /* Build configuration list for PBXNativeTarget "GitHubAPIChallengeTests" */;
			buildPhases = (
				65ADEC832CDD9556009DB38B /* Sources */,
				65ADEC842CDD9556009DB38B /* Frameworks */,
				65ADEC852CDD9556009DB38B /* Resources */,
			);
			buildRules = (
			);
			dependencies = (
				65ADEC8A2CDD9556009DB38B /* PBXTargetDependency */,
			);
			name = GitHubAPIChallengeTests;
			packageProductDependencies = (
			);
			productName = GitHubAPIChallengeTests;
			productReference = 65ADEC872CDD9556009DB38B /* GitHubAPIChallengeTests.xctest */;
			productType = "com.apple.product-type.bundle.unit-test";
		};
/* End PBXNativeTarget section */

/* Begin PBXProject section */
		65ADEC742CDD9556009DB38B /* Project object */ = {
			isa = PBXProject;
			attributes = {
				BuildIndependentTargetsInParallel = 1;
				LastUpgradeCheck = 1600;
				TargetAttributes = {
					65ADEC7C2CDD9556009DB38B = {
						CreatedOnToolsVersion = 16.0;
						LastSwiftMigration = 1600;
					};
					65ADEC862CDD9556009DB38B = {
						CreatedOnToolsVersion = 16.0;
					};
				};
			};
			buildConfigurationList = 65ADEC772CDD9556009DB38B /* Build configuration list for PBXProject "GitHubAPIChallenge" */;
			developmentRegion = en;
			hasScannedForEncodings = 0;
			knownRegions = (
				en,
				Base,
			);
			mainGroup = 65ADEC732CDD9556009DB38B;
			minimizedProjectReferenceProxies = 1;
			preferredProjectObjectVersion = 77;
			productRefGroup = 65ADEC7E2CDD9556009DB38B /* Products */;
			projectDirPath = "";
			projectRoot = "";
			targets = (
				65ADEC7C2CDD9556009DB38B /* GitHubAPIChallenge */,
				65ADEC862CDD9556009DB38B /* GitHubAPIChallengeTests */,
			);
		};
/* End PBXProject section */

/* Begin PBXResourcesBuildPhase section */
		65ADEC7B2CDD9556009DB38B /* Resources */ = {
			isa = PBXResourcesBuildPhase;
			buildActionMask = 2147483647;
			files = (
			);
			runOnlyForDeploymentPostprocessing = 0;
		};
		65ADEC852CDD9556009DB38B /* Resources */ = {
			isa = PBXResourcesBuildPhase;
			buildActionMask = 2147483647;
			files = (
				655DEEC02CE60D0800065659 /* mock_repositories.json in Resources */,
				655DEEBE2CE6050100065659 /* mock_tags.json in Resources */,
			);
			runOnlyForDeploymentPostprocessing = 0;
		};
/* End PBXResourcesBuildPhase section */

/* Begin PBXSourcesBuildPhase section */
		65ADEC792CDD9556009DB38B /* Sources */ = {
			isa = PBXSourcesBuildPhase;
			buildActionMask = 2147483647;
			files = (
				65EF13562CE00736005B4241 /* Tag.m in Sources */,
				6502DD1A2CE0399000534244 /* RepositoryListRequest.m in Sources */,
				652141E52CE4312D0054756C /* RepositoryTagsService.m in Sources */,
				65902EEF2CE149B00036B040 /* RepositoryTagsRequest.m in Sources */,
				655DEEC52CE63F6800065659 /* CacheManager.m in Sources */,
				65902EEB2CE147990036B040 /* RepositoryTagsResponse.m in Sources */,
				658811522CDFC7FD000B6754 /* GitHubAPIChallenge.docc in Sources */,
				652141DC2CE42B260054756C /* RepositoryListService.m in Sources */,
				65B758112CE00282002C5AF2 /* Repository.m in Sources */,
				6502DD1E2CE03D8000534244 /* RepositoryListResponse.m in Sources */,
				652614AA2CE2C319003E5C57 /* NetworkManager.m in Sources */,
				6502DD112CE007CF00534244 /* Commit.m in Sources */,
			);
			runOnlyForDeploymentPostprocessing = 0;
		};
		65ADEC832CDD9556009DB38B /* Sources */ = {
			isa = PBXSourcesBuildPhase;
			buildActionMask = 2147483647;
			files = (
				652141DE2CE42F130054756C /* RepositoryListServiceTests.m in Sources */,
				655DEEC82CE660BC00065659 /* CacheManagerTests.m in Sources */,
				655DEEA92CE5341800065659 /* RepositoryTagsServiceTests.m in Sources */,
				655DEEBB2CE58C7300065659 /* MockURLHelper.m in Sources */,
				655DEEB42CE5867500065659 /* MockURLProtocol.m in Sources */,
			);
			runOnlyForDeploymentPostprocessing = 0;
		};
/* End PBXSourcesBuildPhase section */

/* Begin PBXTargetDependency section */
		65ADEC8A2CDD9556009DB38B /* PBXTargetDependency */ = {
			isa = PBXTargetDependency;
			target = 65ADEC7C2CDD9556009DB38B /* GitHubAPIChallenge */;
			targetProxy = 65ADEC892CDD9556009DB38B /* PBXContainerItemProxy */;
		};
/* End PBXTargetDependency section */

/* Begin XCBuildConfiguration section */
		65ADEC912CDD9556009DB38B /* Debug */ = {
			isa = XCBuildConfiguration;
			buildSettings = {
				CLANG_ENABLE_MODULES = YES;
				CODE_SIGN_STYLE = Automatic;
				CURRENT_PROJECT_VERSION = 1;
				DEFINES_MODULE = YES;
				DYLIB_COMPATIBILITY_VERSION = 1;
				DYLIB_CURRENT_VERSION = 1;
				DYLIB_INSTALL_NAME_BASE = "@rpath";
				ENABLE_MODULE_VERIFIER = YES;
				ENABLE_USER_SCRIPT_SANDBOXING = NO;
				GENERATE_INFOPLIST_FILE = YES;
				INFOPLIST_KEY_NSHumanReadableCopyright = "";
				INSTALL_PATH = "$(LOCAL_LIBRARY_DIR)/Frameworks";
				LD_RUNPATH_SEARCH_PATHS = (
					"$(inherited)",
					"@executable_path/Frameworks",
					"@loader_path/Frameworks",
				);
				MARKETING_VERSION = 1.0;
				MODULE_VERIFIER_SUPPORTED_LANGUAGES = "objective-c objective-c++";
				MODULE_VERIFIER_SUPPORTED_LANGUAGE_STANDARDS = "gnu17 gnu++20";
				PRODUCT_BUNDLE_IDENTIFIER = giosvro.GitHubAPIChallenge;
				PRODUCT_NAME = "$(TARGET_NAME:c99extidentifier)";
				SKIP_INSTALL = YES;
				SWIFT_EMIT_LOC_STRINGS = YES;
				SWIFT_OPTIMIZATION_LEVEL = "-Onone";
				SWIFT_VERSION = 6.0;
				TARGETED_DEVICE_FAMILY = "1,2";
			};
			name = Debug;
		};
		65ADEC922CDD9556009DB38B /* Release */ = {
			isa = XCBuildConfiguration;
			buildSettings = {
				CLANG_ENABLE_MODULES = YES;
				CODE_SIGN_STYLE = Automatic;
				CURRENT_PROJECT_VERSION = 1;
				DEFINES_MODULE = YES;
				DYLIB_COMPATIBILITY_VERSION = 1;
				DYLIB_CURRENT_VERSION = 1;
				DYLIB_INSTALL_NAME_BASE = "@rpath";
				ENABLE_MODULE_VERIFIER = YES;
				ENABLE_USER_SCRIPT_SANDBOXING = NO;
				GENERATE_INFOPLIST_FILE = YES;
				INFOPLIST_KEY_NSHumanReadableCopyright = "";
				INSTALL_PATH = "$(LOCAL_LIBRARY_DIR)/Frameworks";
				LD_RUNPATH_SEARCH_PATHS = (
					"$(inherited)",
					"@executable_path/Frameworks",
					"@loader_path/Frameworks",
				);
				MARKETING_VERSION = 1.0;
				MODULE_VERIFIER_SUPPORTED_LANGUAGES = "objective-c objective-c++";
				MODULE_VERIFIER_SUPPORTED_LANGUAGE_STANDARDS = "gnu17 gnu++20";
				PRODUCT_BUNDLE_IDENTIFIER = giosvro.GitHubAPIChallenge;
				PRODUCT_NAME = "$(TARGET_NAME:c99extidentifier)";
				SKIP_INSTALL = YES;
				SWIFT_EMIT_LOC_STRINGS = YES;
				SWIFT_VERSION = 6.0;
				TARGETED_DEVICE_FAMILY = "1,2";
			};
			name = Release;
		};
		65ADEC932CDD9556009DB38B /* Debug */ = {
			isa = XCBuildConfiguration;
			buildSettings = {
				ALWAYS_SEARCH_USER_PATHS = NO;
				ASSETCATALOG_COMPILER_GENERATE_SWIFT_ASSET_SYMBOL_EXTENSIONS = YES;
				CLANG_ANALYZER_NONNULL = YES;
				CLANG_ANALYZER_NUMBER_OBJECT_CONVERSION = YES_AGGRESSIVE;
				CLANG_CXX_LANGUAGE_STANDARD = "gnu++20";
				CLANG_ENABLE_MODULES = YES;
				CLANG_ENABLE_OBJC_ARC = YES;
				CLANG_ENABLE_OBJC_WEAK = YES;
				CLANG_WARN_BLOCK_CAPTURE_AUTORELEASING = YES;
				CLANG_WARN_BOOL_CONVERSION = YES;
				CLANG_WARN_COMMA = YES;
				CLANG_WARN_CONSTANT_CONVERSION = YES;
				CLANG_WARN_DEPRECATED_OBJC_IMPLEMENTATIONS = YES;
				CLANG_WARN_DIRECT_OBJC_ISA_USAGE = YES_ERROR;
				CLANG_WARN_DOCUMENTATION_COMMENTS = YES;
				CLANG_WARN_EMPTY_BODY = YES;
				CLANG_WARN_ENUM_CONVERSION = YES;
				CLANG_WARN_INFINITE_RECURSION = YES;
				CLANG_WARN_INT_CONVERSION = YES;
				CLANG_WARN_NON_LITERAL_NULL_CONVERSION = YES;
				CLANG_WARN_OBJC_IMPLICIT_RETAIN_SELF = YES;
				CLANG_WARN_OBJC_LITERAL_CONVERSION = YES;
				CLANG_WARN_OBJC_ROOT_CLASS = YES_ERROR;
				CLANG_WARN_QUOTED_INCLUDE_IN_FRAMEWORK_HEADER = YES;
				CLANG_WARN_RANGE_LOOP_ANALYSIS = YES;
				CLANG_WARN_STRICT_PROTOTYPES = YES;
				CLANG_WARN_SUSPICIOUS_MOVE = YES;
				CLANG_WARN_UNGUARDED_AVAILABILITY = YES_AGGRESSIVE;
				CLANG_WARN_UNREACHABLE_CODE = YES;
				CLANG_WARN__DUPLICATE_METHOD_MATCH = YES;
				COPY_PHASE_STRIP = NO;
				CURRENT_PROJECT_VERSION = 1;
				DEBUG_INFORMATION_FORMAT = dwarf;
				DEFINES_MODULE = YES;
				ENABLE_STRICT_OBJC_MSGSEND = YES;
				ENABLE_TESTABILITY = YES;
				ENABLE_USER_SCRIPT_SANDBOXING = YES;
				GCC_C_LANGUAGE_STANDARD = gnu17;
				GCC_DYNAMIC_NO_PIC = NO;
				GCC_NO_COMMON_BLOCKS = YES;
				GCC_OPTIMIZATION_LEVEL = 0;
				GCC_PREPROCESSOR_DEFINITIONS = (
					"DEBUG=1",
					"$(inherited)",
				);
				GCC_WARN_64_TO_32_BIT_CONVERSION = YES;
				GCC_WARN_ABOUT_RETURN_TYPE = YES_ERROR;
				GCC_WARN_UNDECLARED_SELECTOR = YES;
				GCC_WARN_UNINITIALIZED_AUTOS = YES_AGGRESSIVE;
				GCC_WARN_UNUSED_FUNCTION = YES;
				GCC_WARN_UNUSED_VARIABLE = YES;
				IPHONEOS_DEPLOYMENT_TARGET = 18.0;
				LOCALIZATION_PREFERS_STRING_CATALOGS = YES;
				MTL_ENABLE_DEBUG_INFO = INCLUDE_SOURCE;
				MTL_FAST_MATH = YES;
				ONLY_ACTIVE_ARCH = YES;
				SDKROOT = iphoneos;
				VERSIONING_SYSTEM = "apple-generic";
				VERSION_INFO_PREFIX = "";
			};
			name = Debug;
		};
		65ADEC942CDD9556009DB38B /* Release */ = {
			isa = XCBuildConfiguration;
			buildSettings = {
				ALWAYS_SEARCH_USER_PATHS = NO;
				ASSETCATALOG_COMPILER_GENERATE_SWIFT_ASSET_SYMBOL_EXTENSIONS = YES;
				CLANG_ANALYZER_NONNULL = YES;
				CLANG_ANALYZER_NUMBER_OBJECT_CONVERSION = YES_AGGRESSIVE;
				CLANG_CXX_LANGUAGE_STANDARD = "gnu++20";
				CLANG_ENABLE_MODULES = YES;
				CLANG_ENABLE_OBJC_ARC = YES;
				CLANG_ENABLE_OBJC_WEAK = YES;
				CLANG_WARN_BLOCK_CAPTURE_AUTORELEASING = YES;
				CLANG_WARN_BOOL_CONVERSION = YES;
				CLANG_WARN_COMMA = YES;
				CLANG_WARN_CONSTANT_CONVERSION = YES;
				CLANG_WARN_DEPRECATED_OBJC_IMPLEMENTATIONS = YES;
				CLANG_WARN_DIRECT_OBJC_ISA_USAGE = YES_ERROR;
				CLANG_WARN_DOCUMENTATION_COMMENTS = YES;
				CLANG_WARN_EMPTY_BODY = YES;
				CLANG_WARN_ENUM_CONVERSION = YES;
				CLANG_WARN_INFINITE_RECURSION = YES;
				CLANG_WARN_INT_CONVERSION = YES;
				CLANG_WARN_NON_LITERAL_NULL_CONVERSION = YES;
				CLANG_WARN_OBJC_IMPLICIT_RETAIN_SELF = YES;
				CLANG_WARN_OBJC_LITERAL_CONVERSION = YES;
				CLANG_WARN_OBJC_ROOT_CLASS = YES_ERROR;
				CLANG_WARN_QUOTED_INCLUDE_IN_FRAMEWORK_HEADER = YES;
				CLANG_WARN_RANGE_LOOP_ANALYSIS = YES;
				CLANG_WARN_STRICT_PROTOTYPES = YES;
				CLANG_WARN_SUSPICIOUS_MOVE = YES;
				CLANG_WARN_UNGUARDED_AVAILABILITY = YES_AGGRESSIVE;
				CLANG_WARN_UNREACHABLE_CODE = YES;
				CLANG_WARN__DUPLICATE_METHOD_MATCH = YES;
				COPY_PHASE_STRIP = NO;
				CURRENT_PROJECT_VERSION = 1;
				DEBUG_INFORMATION_FORMAT = "dwarf-with-dsym";
				DEFINES_MODULE = YES;
				ENABLE_NS_ASSERTIONS = NO;
				ENABLE_STRICT_OBJC_MSGSEND = YES;
				ENABLE_USER_SCRIPT_SANDBOXING = YES;
				GCC_C_LANGUAGE_STANDARD = gnu17;
				GCC_NO_COMMON_BLOCKS = YES;
				GCC_WARN_64_TO_32_BIT_CONVERSION = YES;
				GCC_WARN_ABOUT_RETURN_TYPE = YES_ERROR;
				GCC_WARN_UNDECLARED_SELECTOR = YES;
				GCC_WARN_UNINITIALIZED_AUTOS = YES_AGGRESSIVE;
				GCC_WARN_UNUSED_FUNCTION = YES;
				GCC_WARN_UNUSED_VARIABLE = YES;
				IPHONEOS_DEPLOYMENT_TARGET = 18.0;
				LOCALIZATION_PREFERS_STRING_CATALOGS = YES;
				MTL_ENABLE_DEBUG_INFO = NO;
				MTL_FAST_MATH = YES;
				SDKROOT = iphoneos;
				VALIDATE_PRODUCT = YES;
				VERSIONING_SYSTEM = "apple-generic";
				VERSION_INFO_PREFIX = "";
			};
			name = Release;
		};
		65ADEC962CDD9556009DB38B /* Debug */ = {
			isa = XCBuildConfiguration;
			buildSettings = {
				CODE_SIGN_STYLE = Automatic;
				CURRENT_PROJECT_VERSION = 1;
				ENABLE_USER_SCRIPT_SANDBOXING = NO;
				GENERATE_INFOPLIST_FILE = YES;
				MARKETING_VERSION = 1.0;
				PRODUCT_BUNDLE_IDENTIFIER = giosvro.GitHubAPIChallengeTests;
				PRODUCT_NAME = "$(TARGET_NAME)";
				SWIFT_EMIT_LOC_STRINGS = NO;
				TARGETED_DEVICE_FAMILY = "1,2";
			};
			name = Debug;
		};
		65ADEC972CDD9556009DB38B /* Release */ = {
			isa = XCBuildConfiguration;
			buildSettings = {
				CODE_SIGN_STYLE = Automatic;
				CURRENT_PROJECT_VERSION = 1;
				ENABLE_USER_SCRIPT_SANDBOXING = NO;
				GENERATE_INFOPLIST_FILE = YES;
				MARKETING_VERSION = 1.0;
				PRODUCT_BUNDLE_IDENTIFIER = giosvro.GitHubAPIChallengeTests;
				PRODUCT_NAME = "$(TARGET_NAME)";
				SWIFT_EMIT_LOC_STRINGS = NO;
				TARGETED_DEVICE_FAMILY = "1,2";
			};
			name = Release;
		};
/* End XCBuildConfiguration section */

/* Begin XCConfigurationList section */
		65ADEC772CDD9556009DB38B /* Build configuration list for PBXProject "GitHubAPIChallenge" */ = {
			isa = XCConfigurationList;
			buildConfigurations = (
				65ADEC932CDD9556009DB38B /* Debug */,
				65ADEC942CDD9556009DB38B /* Release */,
			);
			defaultConfigurationIsVisible = 0;
			defaultConfigurationName = Release;
		};
		65ADEC902CDD9556009DB38B /* Build configuration list for PBXNativeTarget "GitHubAPIChallenge" */ = {
			isa = XCConfigurationList;
			buildConfigurations = (
				65ADEC912CDD9556009DB38B /* Debug */,
				65ADEC922CDD9556009DB38B /* Release */,
			);
			defaultConfigurationIsVisible = 0;
			defaultConfigurationName = Release;
		};
		65ADEC952CDD9556009DB38B /* Build configuration list for PBXNativeTarget "GitHubAPIChallengeTests" */ = {
			isa = XCConfigurationList;
			buildConfigurations = (
				65ADEC962CDD9556009DB38B /* Debug */,
				65ADEC972CDD9556009DB38B /* Release */,
			);
			defaultConfigurationIsVisible = 0;
			defaultConfigurationName = Release;
		};
/* End XCConfigurationList section */
	};
	rootObject = 65ADEC742CDD9556009DB38B /* Project object */;
}
